
Microsoft Visual Studio Solution File, Format Version 12.00
# Visual Studio Version 16
VisualStudioVersion = 16.0.29519.87
MinimumVisualStudioVersion = 10.0.40219.1
Project("{9A19103F-16F7-4668-BE54-9A1E7A4F7556}") = "BITCORNServiceTests", "BITCORNServiceTests\BITCORNServiceTests.csproj", "{8FCB36A9-DD51-49E1-BB6C-3FB6B5B2DA1E}"
EndProject
Project("{9A19103F-16F7-4668-BE54-9A1E7A4F7556}") = "BITCORNService", "BITCORNService\BITCORNService.csproj", "{964FDBCD-764C-4A32-AE7B-3A5E20D5CECE}"
EndProject
Global
	GlobalSection(SolutionConfigurationPlatforms) = preSolution
		Debug|Any CPU = Debug|Any CPU
		Release|Any CPU = Release|Any CPU
	EndGlobalSection
	GlobalSection(ProjectConfigurationPlatforms) = postSolution
		{8FCB36A9-DD51-49E1-BB6C-3FB6B5B2DA1E}.Debug|Any CPU.ActiveCfg = Debug|Any CPU
		{8FCB36A9-DD51-49E1-BB6C-3FB6B5B2DA1E}.Debug|Any CPU.Build.0 = Debug|Any CPU
		{8FCB36A9-DD51-49E1-BB6C-3FB6B5B2DA1E}.Release|Any CPU.ActiveCfg = Release|Any CPU
		{8FCB36A9-DD51-49E1-BB6C-3FB6B5B2DA1E}.Release|Any CPU.Build.0 = Release|Any CPU
		{964FDBCD-764C-4A32-AE7B-3A5E20D5CECE}.Debug|Any CPU.ActiveCfg = Debug|Any CPU
		{964FDBCD-764C-4A32-AE7B-3A5E20D5CECE}.Debug|Any CPU.Build.0 = Debug|Any CPU
		{964FDBCD-764C-4A32-AE7B-3A5E20D5CECE}.Release|Any CPU.ActiveCfg = Release|Any CPU
		{964FDBCD-764C-4A32-AE7B-3A5E20D5CECE}.Release|Any CPU.Build.0 = Release|Any CPU
	EndGlobalSection
	GlobalSection(SolutionProperties) = preSolution
		HideSolutionNode = FALSE
	EndGlobalSection
	GlobalSection(ExtensibilityGlobals) = postSolution
		SolutionGuid = {475F69BB-AC50-495A-A9AD-46214DC3E0B6}
	EndGlobalSection
EndGlobal
